lockfileVersion: '9.0'

settings:
  autoInstallPeers: true
  excludeLinksFromLockfile: false

importers:

  .:
    devDependencies:
      autoprefixer:
        specifier: ^10.4.22
        version: 10.4.22(postcss@8.5.6)
      postcss:
        specifier: ^8.5.6
        version: 8.5.6
      postcss-nested:
        specifier: ^7.0.2
        version: 7.0.2(postcss@8.5.6)
      rollup:
        specifier: ^4.53.3
        version: 4.53.3
      rollup-plugin-commonjs:
        specifier: ^10.1.0
        version: 10.1.0(rollup@4.53.3)
      rollup-plugin-node-resolve:
        specifier: ^5.2.0
        version: 5.2.0(rollup@4.53.3)
      rollup-plugin-postcss:
        specifier: ^4.0.2
        version: 4.0.2(postcss@8.5.6)
      rollup-plugin-typescript2:
        specifier: ^0.36.0
        version: 0.36.0(rollup@4.53.3)(typescript@5.9.3)

  packages/react: {}

  packages/system: {}

packages:

  '@rollup/pluginutils@4.2.1':
    resolution: {integrity: sha512-iKnFXr7NkdZAIHiIWE+BX5ULi/ucVFYWD6TbAV+rZctiRTY2PL6tsIKhoIOaoskiWAkgu+VsbXgUVDNLHf+InQ==}
    engines: {node: '>= 8.0.0'}

  '@rollup/rollup-android-arm-eabi@4.53.3':
    resolution: {integrity: sha512-mRSi+4cBjrRLoaal2PnqH82Wqyb+d3HsPUN/W+WslCXsZsyHa9ZeQQX/pQsZaVIWDkPcpV6jJ+3KLbTbgnwv8w==}
    cpu: [arm]
    os: [android]

  '@rollup/rollup-android-arm64@4.53.3':
    resolution: {integrity: sha512-CbDGaMpdE9sh7sCmTrTUyllhrg65t6SwhjlMJsLr+J8YjFuPmCEjbBSx4Z/e4SmDyH3aB5hGaJUP2ltV/vcs4w==}
    cpu: [arm64]
    os: [android]

  '@rollup/rollup-darwin-arm64@4.53.3':
    resolution: {integrity: sha512-Nr7SlQeqIBpOV6BHHGZgYBuSdanCXuw09hon14MGOLGmXAFYjx1wNvquVPmpZnl0tLjg25dEdr4IQ6GgyToCUA==}
    cpu: [arm64]
    os: [darwin]

  '@rollup/rollup-darwin-x64@4.53.3':
    resolution: {integrity: sha512-DZ8N4CSNfl965CmPktJ8oBnfYr3F8dTTNBQkRlffnUarJ2ohudQD17sZBa097J8xhQ26AwhHJ5mvUyQW8ddTsQ==}
    cpu: [x64]
    os: [darwin]

  '@rollup/rollup-freebsd-arm64@4.53.3':
    resolution: {integrity: sha512-yMTrCrK92aGyi7GuDNtGn2sNW+Gdb4vErx4t3Gv/Tr+1zRb8ax4z8GWVRfr3Jw8zJWvpGHNpss3vVlbF58DZ4w==}
    cpu: [arm64]
    os: [freebsd]

  '@rollup/rollup-freebsd-x64@4.53.3':
    resolution: {integrity: sha512-lMfF8X7QhdQzseM6XaX0vbno2m3hlyZFhwcndRMw8fbAGUGL3WFMBdK0hbUBIUYcEcMhVLr1SIamDeuLBnXS+Q==}
    cpu: [x64]
    os: [freebsd]

  '@rollup/rollup-linux-arm-gnueabihf@4.53.3':
    resolution: {integrity: sha512-k9oD15soC/Ln6d2Wv/JOFPzZXIAIFLp6B+i14KhxAfnq76ajt0EhYc5YPeX6W1xJkAdItcVT+JhKl1QZh44/qw==}
    cpu: [arm]
    os: [linux]
    libc: [glibc]

  '@rollup/rollup-linux-arm-musleabihf@4.53.3':
    resolution: {integrity: sha512-vTNlKq+N6CK/8UktsrFuc+/7NlEYVxgaEgRXVUVK258Z5ymho29skzW1sutgYjqNnquGwVUObAaxae8rZ6YMhg==}
    cpu: [arm]
    os: [linux]
    libc: [musl]

  '@rollup/rollup-linux-arm64-gnu@4.53.3':
    resolution: {integrity: sha512-RGrFLWgMhSxRs/EWJMIFM1O5Mzuz3Xy3/mnxJp/5cVhZ2XoCAxJnmNsEyeMJtpK+wu0FJFWz+QF4mjCA7AUQ3w==}
    cpu: [arm64]
    os: [linux]
    libc: [glibc]

  '@rollup/rollup-linux-arm64-musl@4.53.3':
    resolution: {integrity: sha512-kASyvfBEWYPEwe0Qv4nfu6pNkITLTb32p4yTgzFCocHnJLAHs+9LjUu9ONIhvfT/5lv4YS5muBHyuV84epBo/A==}
    cpu: [arm64]
    os: [linux]
    libc: [musl]

  '@rollup/rollup-linux-loong64-gnu@4.53.3':
    resolution: {integrity: sha512-JiuKcp2teLJwQ7vkJ95EwESWkNRFJD7TQgYmCnrPtlu50b4XvT5MOmurWNrCj3IFdyjBQ5p9vnrX4JM6I8OE7g==}
    cpu: [loong64]
    os: [linux]
    libc: [glibc]

  '@rollup/rollup-linux-ppc64-gnu@4.53.3':
    resolution: {integrity: sha512-EoGSa8nd6d3T7zLuqdojxC20oBfNT8nexBbB/rkxgKj5T5vhpAQKKnD+h3UkoMuTyXkP5jTjK/ccNRmQrPNDuw==}
    cpu: [ppc64]
    os: [linux]
    libc: [glibc]

  '@rollup/rollup-linux-riscv64-gnu@4.53.3':
    resolution: {integrity: sha512-4s+Wped2IHXHPnAEbIB0YWBv7SDohqxobiiPA1FIWZpX+w9o2i4LezzH/NkFUl8LRci/8udci6cLq+jJQlh+0g==}
    cpu: [riscv64]
    os: [linux]
    libc: [glibc]

  '@rollup/rollup-linux-riscv64-musl@4.53.3':
    resolution: {integrity: sha512-68k2g7+0vs2u9CxDt5ktXTngsxOQkSEV/xBbwlqYcUrAVh6P9EgMZvFsnHy4SEiUl46Xf0IObWVbMvPrr2gw8A==}
    cpu: [riscv64]
    os: [linux]
    libc: [musl]

  '@rollup/rollup-linux-s390x-gnu@4.53.3':
    resolution: {integrity: sha512-VYsFMpULAz87ZW6BVYw3I6sWesGpsP9OPcyKe8ofdg9LHxSbRMd7zrVrr5xi/3kMZtpWL/wC+UIJWJYVX5uTKg==}
    cpu: [s390x]
    os: [linux]
    libc: [glibc]

  '@rollup/rollup-linux-x64-gnu@4.53.3':
    resolution: {integrity: sha512-3EhFi1FU6YL8HTUJZ51imGJWEX//ajQPfqWLI3BQq4TlvHy4X0MOr5q3D2Zof/ka0d5FNdPwZXm3Yyib/UEd+w==}
    cpu: [x64]
    os: [linux]
    libc: [glibc]

  '@rollup/rollup-linux-x64-musl@4.53.3':
    resolution: {integrity: sha512-eoROhjcc6HbZCJr+tvVT8X4fW3/5g/WkGvvmwz/88sDtSJzO7r/blvoBDgISDiCjDRZmHpwud7h+6Q9JxFwq1Q==}
    cpu: [x64]
    os: [linux]
    libc: [musl]

  '@rollup/rollup-openharmony-arm64@4.53.3':
    resolution: {integrity: sha512-OueLAWgrNSPGAdUdIjSWXw+u/02BRTcnfw9PN41D2vq/JSEPnJnVuBgw18VkN8wcd4fjUs+jFHVM4t9+kBSNLw==}
    cpu: [arm64]
    os: [openharmony]

  '@rollup/rollup-win32-arm64-msvc@4.53.3':
    resolution: {integrity: sha512-GOFuKpsxR/whszbF/bzydebLiXIHSgsEUp6M0JI8dWvi+fFa1TD6YQa4aSZHtpmh2/uAlj/Dy+nmby3TJ3pkTw==}
    cpu: [arm64]
    os: [win32]

  '@rollup/rollup-win32-ia32-msvc@4.53.3':
    resolution: {integrity: sha512-iah+THLcBJdpfZ1TstDFbKNznlzoxa8fmnFYK4V67HvmuNYkVdAywJSoteUszvBQ9/HqN2+9AZghbajMsFT+oA==}
    cpu: [ia32]
    os: [win32]

  '@rollup/rollup-win32-x64-gnu@4.53.3':
    resolution: {integrity: sha512-J9QDiOIZlZLdcot5NXEepDkstocktoVjkaKUtqzgzpt2yWjGlbYiKyp05rWwk4nypbYUNoFAztEgixoLaSETkg==}
    cpu: [x64]
    os: [win32]

  '@rollup/rollup-win32-x64-msvc@4.53.3':
    resolution: {integrity: sha512-UhTd8u31dXadv0MopwGgNOBpUVROFKWVQgAg5N1ESyCz8AuBcMqm4AuTjrwgQKGDfoFuz02EuMRHQIw/frmYKQ==}
    cpu: [x64]
    os: [win32]

  '@trysound/sax@0.2.0':
    resolution: {integrity: sha512-L7z9BgrNEcYyUYtF+HaEfiS5ebkh9jXqbszz7pC0hRBPaatV0XjSD3+eHrpqFemQfgwiFF0QPIarnIihIDn7OA==}
    engines: {node: '>=10.13.0'}

  '@types/estree@1.0.8':
    resolution: {integrity: sha512-dWHzHa2WqEXI/O1E9OjrocMTKJl2mSrEolh1Iomrv6U+JuNwaHXsXx9bLu5gG7BUWFIN0skIQJQ/L1rIex4X6w==}

  '@types/node@24.10.1':
    resolution: {integrity: sha512-GNWcUTRBgIRJD5zj+Tq0fKOJ5XZajIiBroOF0yvj2bSU1WvNdYS/dn9UxwsujGW4JX06dnHyjV2y9rRaybH0iQ==}

  '@types/resolve@0.0.8':
    resolution: {integrity: sha1-8mB00jjgJlnjI84aE9BB7uKA4ZQ=}

  ansi-styles@4.3.0:
    resolution: {integrity: sha512-zbB9rCJAT1rbjiVDb2hqKFHNYLxgtk8NURxZ3IZwD3F6NtxbXZQCnnSi1Lkx+IDohdPlFp222wVALIheZJQSEg==}
    engines: {node: '>=8'}

  autoprefixer@10.4.22:
    resolution: {integrity: sha512-ARe0v/t9gO28Bznv6GgqARmVqcWOV3mfgUPn9becPHMiD3o9BwlRgaeccZnwTpZ7Zwqrm+c1sUSsMxIzQzc8Xg==}
    engines: {node: ^10 || ^12 || >=14}
    hasBin: true
    peerDependencies:
      postcss: ^8.1.0

  baseline-browser-mapping@2.9.2:
    resolution: {integrity: sha512-PxSsosKQjI38iXkmb3d0Y32efqyA0uW4s41u4IVBsLlWLhCiYNpH/AfNOVWRqCQBlD8TFJTz6OUWNd4DFJCnmw==}
    hasBin: true

  boolbase@1.0.0:
    resolution: {integrity: sha1-aN/1++YMUes3cl6p4+0xDcwed24=}

  browserslist@4.28.1:
    resolution: {integrity: sha512-ZC5Bd0LgJXgwGqUknZY/vkUQ04r8NXnJZ3yYi4vDmSiZmC/pdSN0NbNRPxZpbtO4uAfDUAFffO8IZoM3Gj8IkA==}
    engines: {node: ^6 || ^7 || ^8 || ^9 || ^10 || ^11 || ^12 || >=13.7}
    hasBin: true

  builtin-modules@3.3.0:
    resolution: {integrity: sha512-zhaCDicdLuWN5UbN5IMnFqNMhNfo919sH85y2/ea+5Yg9TsTkeZxpL+JLbp6cgYFS4sRLp3YV4S6yDuqVWHYOw==}
    engines: {node: '>=6'}

  caniuse-api@3.0.0:
    resolution: {integrity: sha512-bsTwuIg/BZZK/vreVTYYbSWoe2F+71P7K5QGEX+pT250DZbfU1MQ5prOKpPR+LL6uWKK3KMwMCAS74QB3Um1uw==}

  caniuse-lite@1.0.30001759:
    resolution: {integrity: sha512-Pzfx9fOKoKvevQf8oCXoyNRQ5QyxJj+3O0Rqx2V5oxT61KGx8+n6hV/IUyJeifUci2clnmmKVpvtiqRzgiWjSw==}

  chalk@4.1.2:
    resolution: {integrity: sha512-oKnbhFyRIXpUuez8iBMmyEa4nbj4IOQyuhc/wy9kY7/WVPcwIO9VA668Pu8RkO7+0G76SLROeyw9CpQ061i4mA==}
    engines: {node: '>=10'}

  color-convert@2.0.1:
    resolution: {integrity: sha512-RRECPsj7iu/xb5oKYcsFHSppFNnsj/52OVTRKb4zP5onXwVF3zVmmToNcOfGC+CRDpfK/U584fMg38ZHCaElKQ==}
    engines: {node: '>=7.0.0'}

  color-name@1.1.4:
    resolution: {integrity: sha512-dOy+3AuW3a2wNbZHIuMZpTcgjGuLU/uBL/ubcZF9OXbDo8ff4O8yVp5Bf0efS8uEoYo5q4Fx7dY9OgQGXgAsQA==}

  colord@2.9.3:
    resolution: {integrity: sha512-jeC1axXpnb0/2nn/Y1LPuLdgXBLH7aDcHu4KEKfqw3CUhX7ZpfBSlPKyqXE6btIgEzfWtrX3/tyBCaCvXvMkOw==}

  commander@7.2.0:
    resolution: {integrity: sha1-o2y1fQtQHOEI5NIFWaFQo5HZerc=}
    engines: {node: '>= 10'}

  commondir@1.0.1:
    resolution: {integrity: sha1-3dgA2gxmEnOTzKWVDqloo6rxJTs=}

  concat-with-sourcemaps@1.1.0:
    resolution: {integrity: sha1-1OqT8FriV5CVG5nns7CeOQikCC4=}

  css-declaration-sorter@6.4.1:
    resolution: {integrity: sha512-rtdthzxKuyq6IzqX6jEcIzQF/YqccluefyCYheovBOLhFT/drQA9zj/UbRAa9J7C0o6EG6u3E6g+vKkay7/k3g==}
    engines: {node: ^10 || ^12 || >=14}
    peerDependencies:
      postcss: ^8.0.9

  css-select@4.3.0:
    resolution: {integrity: sha512-wPpOYtnsVontu2mODhA19JrqWxNsfdatRKd64kmpRbQgh1KtItko5sTnEpPdpSaJszTOhEMlF/RPz28qj4HqhQ==}

  css-tree@1.1.3:
    resolution: {integrity: sha1-60hw+2/XcHMn7JXC/yqwm16NuR0=}
    engines: {node: '>=8.0.0'}

  css-what@6.2.2:
    resolution: {integrity: sha512-u/O3vwbptzhMs3L1fQE82ZSLHQQfto5gyZzwteVIEyeaY5Fc7R4dapF/BvRoSYFeqfBk4m0V1Vafq5Pjv25wvA==}
    engines: {node: '>= 6'}

  cssesc@3.0.0:
    resolution: {integrity: sha512-/Tb/JcjK111nNScGob5MNtsntNM1aCNUDipB/TkwZFhyDrrE47SOx/18wF2bbjgc3ZzCSKW1T5nt5EbFoAz/Vg==}
    engines: {node: '>=4'}
    hasBin: true

  cssnano-preset-default@5.2.14:
    resolution: {integrity: sha512-t0SFesj/ZV2OTylqQVOrFgEh5uanxbO6ZAdeCrNsUQ6fVuXwYTxJPNAGvGTxHbD68ldIJNec7PyYZDBrfDQ+6A==}
    engines: {node: ^10 || ^12 || >=14.0}
    peerDependencies:
      postcss: ^8.2.15

  cssnano-utils@3.1.0:
    resolution: {integrity: sha512-JQNR19/YZhz4psLX/rQ9M83e3z2Wf/HdJbryzte4a3NSuafyp9w/I4U+hx5C2S9g41qlstH7DEWnZaaj83OuEA==}
    engines: {node: ^10 || ^12 || >=14.0}
    peerDependencies:
      postcss: ^8.2.15

  cssnano@5.1.15:
    resolution: {integrity: sha512-j+BKgDcLDQA+eDifLx0EO4XSA56b7uut3BQFH+wbSaSTuGLuiyTa/wbRYthUXX8LC9mLg+WWKe8h+qJuwTAbHw==}
    engines: {node: ^10 || ^12 || >=14.0}
    peerDependencies:
      postcss: ^8.2.15

  csso@4.2.0:
    resolution: {integrity: sha1-6jpWE0bo3J9UbW/r7dUBh884lSk=}
    engines: {node: '>=8.0.0'}

  dom-serializer@1.4.1:
    resolution: {integrity: sha512-VHwB3KfrcOOkelEG2ZOfxqLZdfkil8PtJi4P8N2MMXucZq2yLp75ClViUlOVwyoHEDjYU433Aq+5zWP61+RGag==}

  domelementtype@2.3.0:
    resolution: {integrity: sha512-OLETBj6w0OsagBwdXnPdN0cnMfF9opN69co+7ZrbfPGrdpPVNBUj02spi6B1N7wChLQiPn4CSH/zJvXw56gmHw==}

  domhandler@4.3.1:
    resolution: {integrity: sha512-GrwoxYN+uWlzO8uhUXRl0P+kHE4GtVPfYzVLcUxPL7KNdHKj66vvlhiweIHqYYXWlw+T8iLMp42Lm67ghw4WMQ==}
    engines: {node: '>= 4'}

  domutils@2.8.0:
    resolution: {integrity: sha1-RDfe9dtuLR9dbuhZvZXKfQIEgTU=}

  electron-to-chromium@1.5.265:
    resolution: {integrity: sha512-B7IkLR1/AE+9jR2LtVF/1/6PFhY5TlnEHnlrKmGk7PvkJibg5jr+mLXLLzq3QYl6PA1T/vLDthQPqIPAlS/PPA==}

  entities@2.2.0:
    resolution: {integrity: sha512-p92if5Nz619I0w+akJrLZH0MX0Pb5DX39XOwQTtXSdQQOaYH03S1uIQp4mhOZtAXrxq4ViO67YTiLBo2638o9A==}

  escalade@3.2.0:
    resolution: {integrity: sha512-WUj2qlxaQtO4g6Pq5c29GTcWGDyd8itL8zTlipgECz3JesAiiOKotd8JU6otB3PACgG6xkJUyVhboMS+bje/jA==}
    engines: {node: '>=6'}

  estree-walker@0.6.1:
    resolution: {integrity: sha1-UwSRQ/QMbrkYsjZx0f4yGfOhs2I=}

  estree-walker@2.0.2:
    resolution: {integrity: sha1-UvAQF4wqTBF6d1fP6UKtt9LaTKw=}

  eventemitter3@4.0.7:
    resolution: {integrity: sha1-Lem2j2Uo1WRO9cWVJqG0oHMGFp8=}

  find-cache-dir@3.3.2:
    resolution: {integrity: sha1-swxbbv8HMHMa6pu9nb7L2AJW1ks=}
    engines: {node: '>=8'}

  find-up@4.1.0:
    resolution: {integrity: sha1-l6/n1s3AvFkoWEt8jXsW6KmqXRk=}
    engines: {node: '>=8'}

  fraction.js@5.3.4:
    resolution: {integrity: sha512-1X1NTtiJphryn/uLQz3whtY6jK3fTqoE3ohKs0tT+Ujr1W59oopxmoEh7Lu5p6vBaPbgoM0bzveAW4Qi5RyWDQ==}

  fs-extra@10.1.0:
    resolution: {integrity: sha512-oRXApq54ETRj4eMiFzGnHWGy+zo5raudjuxN0b8H7s/RU2oW0Wvsx9O0ACRN/kRq9E8Vu/ReskGB5o3ji+FzHQ==}
    engines: {node: '>=12'}

  fsevents@2.3.3:
    resolution: {integrity: sha512-5xoDfX+fL7faATnagmWPpbFtwh/R77WmMMqqHGS65C3vvB0YHrgF+B1YmZ3441tMj5n63k0212XNoJwzlhffQw==}
    engines: {node: ^8.16.0 || ^10.6.0 || >=11.0.0}
    os: [darwin]

  function-bind@1.1.2:
    resolution: {integrity: sha512-7XHNxH7qX9xG5mIwxkhumTox/MIRNcOgDrxWsMt2pAr23WHp6MrRlN7FBSFpCpr+oVO0F744iUgR82nJMfG2SA==}

  generic-names@4.0.0:
    resolution: {integrity: sha512-ySFolZQfw9FoDb3ed9d80Cm9f0+r7qj+HJkWjeD9RBfpxEVTlVhol+gvaQB/78WbwYfbnNh8nWHHBSlg072y6A==}

  graceful-fs@4.2.11:
    resolution: {integrity: sha512-RbJ5/jmFcNNCcDV5o9eTnBLJ/HszWV0P73bc+Ff4nS/rJj+YaS6IGyiOL0VoBYX+l1Wrl3k63h/KrH+nhJ0XvQ==}

  has-flag@4.0.0:
    resolution: {integrity: sha1-lEdx/ZyByBJlxNaUGGDaBrtZR5s=}
    engines: {node: '>=8'}

  hasown@2.0.2:
    resolution: {integrity: sha512-0hJU9SCPvmMzIBdZFqNPXWa6dqh7WdH0cII9y+CyS8rG3nL48Bclra9HmKhVVUHyPWNH5Y7xDwAB7bfgSjkUMQ==}
    engines: {node: '>= 0.4'}

  icss-replace-symbols@1.1.0:
    resolution: {integrity: sha1-Bupvg2ead0njhs/h/oEq5dsiPe0=}

  icss-utils@5.1.0:
    resolution: {integrity: sha512-soFhflCVWLfRNOPU3iv5Z9VUdT44xFRbzjLsEzSr5AQmgqPMTHdU3PMT1Cf1ssx8fLNJDA1juftYl+PUcv3MqA==}
    engines: {node: ^10 || ^12 || >= 14}
    peerDependencies:
      postcss: ^8.1.0

  import-cwd@3.0.0:
    resolution: {integrity: sha1-IIRVR3GAFRJuqbNna3WS+4vUz5I=}
    engines: {node: '>=8'}

  import-from@3.0.0:
    resolution: {integrity: sha1-BVz+w4zVon2AV8pRN219O/CJGWY=}
    engines: {node: '>=8'}

  is-core-module@2.16.1:
    resolution: {integrity: sha512-UfoeMA6fIJ8wTYFEUjelnaGI67v6+N7qXJEvQuIGa99l4xsCruSYOVSQ0uPANn4dAzm8lkYPaKLrrijLq7x23w==}
    engines: {node: '>= 0.4'}

  is-module@1.0.0:
    resolution: {integrity: sha1-Mlj7afeMFNW4FdZkM2tM/7ZEFZE=}

  is-reference@1.2.1:
    resolution: {integrity: sha1-iy2sCzcfS8mU/eq6nrVC0DAC0Lc=}

  jsonfile@6.2.0:
    resolution: {integrity: sha512-FGuPw30AdOIUTRMC2OMRtQV+jkVj2cfPqSeWXv1NEAJ1qZ5zb1X6z1mFhbfOB/iy3ssJCD+3KuZ8r8C3uVFlAg==}

  lilconfig@2.1.0:
    resolution: {integrity: sha512-utWOt/GHzuUxnLKxB6dk81RoOeoNeHgbrXiuGk4yyF5qlRz+iIVWu56E2fqGHFrXz0QNUhLB/8nKqvRH66JKGQ==}
    engines: {node: '>=10'}

  loader-utils@3.3.1:
    resolution: {integrity: sha512-FMJTLMXfCLMLfJxcX9PFqX5qD88Z5MRGaZCVzfuqeZSPsyiBzs+pahDQjbIWz2QIzPZz0NX9Zy4FX3lmK6YHIg==}
    engines: {node: '>= 12.13.0'}

  locate-path@5.0.0:
    resolution: {integrity: sha1-Gvujlq/WdqbUJQTQpno6frn2KqA=}
    engines: {node: '>=8'}

  lodash.camelcase@4.3.0:
    resolution: {integrity: sha1-soqmKIorn8ZRA1x3EfZathkDMaY=}

  lodash.memoize@4.1.2:
    resolution: {integrity: sha1-vMbEmkKihA7Zl/Mj6tpezRguC/4=}

  lodash.uniq@4.5.0:
    resolution: {integrity: sha1-0CJTc662Uq3BvILklFM5qEJ1R3M=}

  magic-string@0.25.9:
    resolution: {integrity: sha512-RmF0AsMzgt25qzqqLc1+MbHmhdx0ojF2Fvs4XnOqz2ZOBXzzkEwc/dJQZCYHAn7v1jbVOjAZfK8msRn4BxO4VQ==}

  make-dir@3.1.0:
    resolution: {integrity: sha1-QV6WcEazp/HRhSd9hKpYIDcmoT8=}
    engines: {node: '>=8'}

  mdn-data@2.0.14:
    resolution: {integrity: sha512-dn6wd0uw5GsdswPFfsgMp5NSB0/aDe6fK94YJV/AJDYXL6HVLWBsxeq7js7Ad+mU2K9LAlwpk6kN2D5mwCPVow==}

  nanoid@3.3.11:
    resolution: {integrity: sha512-N8SpfPUnUp1bK+PMYW8qSWdl9U+wwNWI4QKxOYDy9JAro3WMX7p2OeVRF9v+347pnakNevPmiHhNmZ2HbFA76w==}
    engines: {node: ^10 || ^12 || ^13.7 || ^14 || >=15.0.1}
    hasBin: true

  node-releases@2.0.27:
    resolution: {integrity: sha512-nmh3lCkYZ3grZvqcCH+fjmQ7X+H0OeZgP40OierEaAptX4XofMh5kwNbWh7lBduUzCcV/8kZ+NDLCwm2iorIlA==}

  normalize-range@0.1.2:
    resolution: {integrity: sha1-LRDAa9/TEuqXd2laTShDlFa3WUI=}
    engines: {node: '>=0.10.0'}

  normalize-url@6.1.0:
    resolution: {integrity: sha1-QNCIW1Nd7/4/MUe+yHfQX+TFZoo=}
    engines: {node: '>=10'}

  nth-check@2.1.1:
    resolution: {integrity: sha512-lqjrjmaOoAnWfMmBPL+XNnynZh2+swxiX3WUE0s4yEHI6m+AwrK2UZOimIRl3X/4QctVqS8AiZjFqyOGrMXb/w==}

  p-finally@1.0.0:
    resolution: {integrity: sha512-LICb2p9CB7FS+0eR1oqWnHhp0FljGLZCWBE9aix0Uye9W8LTQPwMTYVGWQWIw9RdQiDg4+epXQODwIYJtSJaow==}
    engines: {node: '>=4'}

  p-limit@2.3.0:
    resolution: {integrity: sha1-PdM8ZHohT9//2DWTPrCG2g3CHbE=}
    engines: {node: '>=6'}

  p-locate@4.1.0:
    resolution: {integrity: sha1-o0KLtwiLOmApL2aRkni3wpetTwc=}
    engines: {node: '>=8'}

  p-queue@6.6.2:
    resolution: {integrity: sha1-IGip3PjmfdDsPnory3aBD6qF5CY=}
    engines: {node: '>=8'}

  p-timeout@3.2.0:
    resolution: {integrity: sha1-x+F6vJcdKnli74NiazXWNazyPf4=}
    engines: {node: '>=8'}

  p-try@2.2.0:
    resolution: {integrity: sha512-R4nPAVTAU0B9D35/Gk3uJf/7XYbQcyohSKdvAxIRSNghFl4e71hVoGnBNQz9cWaXxO2I10KTC+3jMdvvoKw6dQ==}
    engines: {node: '>=6'}

  path-exists@4.0.0:
    resolution: {integrity: sha512-ak9Qy5Q7jYb2Wwcey5Fpvg2KoAc/ZIhLSLOSBmRmygPsGwkVVt0fZa0qrtMz+m6tJTAHfZQ8FnmB4MG4LWy7/w==}
    engines: {node: '>=8'}

  path-parse@1.0.7:
    resolution: {integrity: sha1-+8EUtgykKzDZ2vWFjkvWi77bZzU=}

  picocolors@1.1.1:
    resolution: {integrity: sha512-xceH2snhtb5M9liqDsmEw56le376mTZkEX/jEb/RxNFyegNul7eNslCXP9FDj/Lcu0X8KEyMceP2ntpaHrDEVA==}

  picomatch@2.3.1:
    resolution: {integrity: sha512-JU3teHTNjmE2VCGFzuY8EXzCDVwEqB2a8fsIvwaStHhAWJEeVd1o1QD80CU6+ZdEXXSLbSsuLwJjkCBWqRQUVA==}
    engines: {node: '>=8.6'}

  pify@5.0.0:
    resolution: {integrity: sha1-H17KP16H6+wozG1UoOSq8ArMEn8=}
    engines: {node: '>=10'}

  pkg-dir@4.2.0:
    resolution: {integrity: sha512-HRDzbaKjC+AOWVXxAU/x54COGeIv9eb+6CkDSQoNTt4XyWoIJvuPsXizxu/Fr23EiekbtZwmh1IcIG/l/a10GQ==}
    engines: {node: '>=8'}

  postcss-calc@8.2.4:
    resolution: {integrity: sha512-SmWMSJmB8MRnnULldx0lQIyhSNvuDl9HfrZkaqqE/WHAhToYsAvDq+yAsA/kIyINDszOp3Rh0GFoNuH5Ypsm3Q==}
    peerDependencies:
      postcss: ^8.2.2

  postcss-colormin@5.3.1:
    resolution: {integrity: sha512-UsWQG0AqTFQmpBegeLLc1+c3jIqBNB0zlDGRWR+dQ3pRKJL1oeMzyqmH3o2PIfn9MBdNrVPWhDbT769LxCTLJQ==}
    engines: {node: ^10 || ^12 || >=14.0}
    peerDependencies:
      postcss: ^8.2.15

  postcss-convert-values@5.1.3:
    resolution: {integrity: sha512-82pC1xkJZtcJEfiLw6UXnXVXScgtBrjlO5CBmuDQc+dlb88ZYheFsjTn40+zBVi3DkfF7iezO0nJUPLcJK3pvA==}
    engines: {node: ^10 || ^12 || >=14.0}
    peerDependencies:
      postcss: ^8.2.15

  postcss-discard-comments@5.1.2:
    resolution: {integrity: sha512-+L8208OVbHVF2UQf1iDmRcbdjJkuBF6IS29yBDSiWUIzpYaAhtNl6JYnYm12FnkeCwQqF5LeklOu6rAqgfBZqQ==}
    engines: {node: ^10 || ^12 || >=14.0}
    peerDependencies:
      postcss: ^8.2.15

  postcss-discard-duplicates@5.1.0:
    resolution: {integrity: sha512-zmX3IoSI2aoenxHV6C7plngHWWhUOV3sP1T8y2ifzxzbtnuhk1EdPwm0S1bIUNaJ2eNbWeGLEwzw8huPD67aQw==}
    engines: {node: ^10 || ^12 || >=14.0}
    peerDependencies:
      postcss: ^8.2.15

  postcss-discard-empty@5.1.1:
    resolution: {integrity: sha512-zPz4WljiSuLWsI0ir4Mcnr4qQQ5e1Ukc3i7UfE2XcrwKK2LIPIqE5jxMRxO6GbI3cv//ztXDsXwEWT3BHOGh3A==}
    engines: {node: ^10 || ^12 || >=14.0}
    peerDependencies:
      postcss: ^8.2.15

  postcss-discard-overridden@5.1.0:
    resolution: {integrity: sha512-21nOL7RqWR1kasIVdKs8HNqQJhFxLsyRfAnUDm4Fe4t4mCWL9OJiHvlHPjcd8zc5Myu89b/7wZDnOSjFgeWRtw==}
    engines: {node: ^10 || ^12 || >=14.0}
    peerDependencies:
      postcss: ^8.2.15

  postcss-load-config@3.1.4:
    resolution: {integrity: sha512-6DiM4E7v4coTE4uzA8U//WhtPwyhiim3eyjEMFCnUpzbrkK9wJHgKDT2mR+HbtSrd/NubVaYTOpSpjUl8NQeRg==}
    engines: {node: '>= 10'}
    peerDependencies:
      postcss: '>=8.0.9'
      ts-node: '>=9.0.0'
    peerDependenciesMeta:
      postcss:
        optional: true
      ts-node:
        optional: true

  postcss-merge-longhand@5.1.7:
    resolution: {integrity: sha512-YCI9gZB+PLNskrK0BB3/2OzPnGhPkBEwmwhfYk1ilBHYVAZB7/tkTHFBAnCrvBBOmeYyMYw3DMjT55SyxMBzjQ==}
    engines: {node: ^10 || ^12 || >=14.0}
    peerDependencies:
      postcss: ^8.2.15

  postcss-merge-rules@5.1.4:
    resolution: {integrity: sha512-0R2IuYpgU93y9lhVbO/OylTtKMVcHb67zjWIfCiKR9rWL3GUk1677LAqD/BcHizukdZEjT8Ru3oHRoAYoJy44g==}
    engines: {node: ^10 || ^12 || >=14.0}
    peerDependencies:
      postcss: ^8.2.15

  postcss-minify-font-values@5.1.0:
    resolution: {integrity: sha512-el3mYTgx13ZAPPirSVsHqFzl+BBBDrXvbySvPGFnQcTI4iNslrPaFq4muTkLZmKlGk4gyFAYUBMH30+HurREyA==}
    engines: {node: ^10 || ^12 || >=14.0}
    peerDependencies:
      postcss: ^8.2.15

  postcss-minify-gradients@5.1.1:
    resolution: {integrity: sha512-VGvXMTpCEo4qHTNSa9A0a3D+dxGFZCYwR6Jokk+/3oB6flu2/PnPXAh2x7x52EkY5xlIHLm+Le8tJxe/7TNhzw==}
    engines: {node: ^10 || ^12 || >=14.0}
    peerDependencies:
      postcss: ^8.2.15

  postcss-minify-params@5.1.4:
    resolution: {integrity: sha512-+mePA3MgdmVmv6g+30rn57USjOGSAyuxUmkfiWpzalZ8aiBkdPYjXWtHuwJGm1v5Ojy0Z0LaSYhHaLJQB0P8Jw==}
    engines: {node: ^10 || ^12 || >=14.0}
    peerDependencies:
      postcss: ^8.2.15

  postcss-minify-selectors@5.2.1:
    resolution: {integrity: sha512-nPJu7OjZJTsVUmPdm2TcaiohIwxP+v8ha9NehQ2ye9szv4orirRU3SDdtUmKH+10nzn0bAyOXZ0UEr7OpvLehg==}
    engines: {node: ^10 || ^12 || >=14.0}
    peerDependencies:
      postcss: ^8.2.15

  postcss-modules-extract-imports@3.1.0:
    resolution: {integrity: sha512-k3kNe0aNFQDAZGbin48pL2VNidTF0w4/eASDsxlyspobzU3wZQLOGj7L9gfRe0Jo9/4uud09DsjFNH7winGv8Q==}
    engines: {node: ^10 || ^12 || >= 14}
    peerDependencies:
      postcss: ^8.1.0

  postcss-modules-local-by-default@4.2.0:
    resolution: {integrity: sha512-5kcJm/zk+GJDSfw+V/42fJ5fhjL5YbFDl8nVdXkJPLLW+Vf9mTD5Xe0wqIaDnLuL2U6cDNpTr+UQ+v2HWIBhzw==}
    engines: {node: ^10 || ^12 || >= 14}
    peerDependencies:
      postcss: ^8.1.0

  postcss-modules-scope@3.2.1:
    resolution: {integrity: sha512-m9jZstCVaqGjTAuny8MdgE88scJnCiQSlSrOWcTQgM2t32UBe+MUmFSO5t7VMSfAf/FJKImAxBav8ooCHJXCJA==}
    engines: {node: ^10 || ^12 || >= 14}
    peerDependencies:
      postcss: ^8.1.0

  postcss-modules-values@4.0.0:
    resolution: {integrity: sha1-18Xn5ow7s8myfL9Iyguz/7RgLJw=}
    engines: {node: ^10 || ^12 || >= 14}
    peerDependencies:
      postcss: ^8.1.0

  postcss-modules@4.3.1:
    resolution: {integrity: sha512-ItUhSUxBBdNamkT3KzIZwYNNRFKmkJrofvC2nWab3CPKhYBQ1f27XXh1PAPE27Psx58jeelPsxWB/+og+KEH0Q==}
    peerDependencies:
      postcss: ^8.0.0

  postcss-nested@7.0.2:
    resolution: {integrity: sha512-5osppouFc0VR9/VYzYxO03VaDa3e8F23Kfd6/9qcZTUI8P58GIYlArOET2Wq0ywSl2o2PjELhYOFI4W7l5QHKw==}
    engines: {node: '>=18.0'}
    peerDependencies:
      postcss: ^8.2.14

  postcss-normalize-charset@5.1.0:
    resolution: {integrity: sha512-mSgUJ+pd/ldRGVx26p2wz9dNZ7ji6Pn8VWBajMXFf8jk7vUoSrZ2lt/wZR7DtlZYKesmZI680qjr2CeFF2fbUg==}
    engines: {node: ^10 || ^12 || >=14.0}
    peerDependencies:
      postcss: ^8.2.15

  postcss-normalize-display-values@5.1.0:
    resolution: {integrity: sha512-WP4KIM4o2dazQXWmFaqMmcvsKmhdINFblgSeRgn8BJ6vxaMyaJkwAzpPpuvSIoG/rmX3M+IrRZEz2H0glrQNEA==}
    engines: {node: ^10 || ^12 || >=14.0}
    peerDependencies:
      postcss: ^8.2.15

  postcss-normalize-positions@5.1.1:
    resolution: {integrity: sha512-6UpCb0G4eofTCQLFVuI3EVNZzBNPiIKcA1AKVka+31fTVySphr3VUgAIULBhxZkKgwLImhzMR2Bw1ORK+37INg==}
    engines: {node: ^10 || ^12 || >=14.0}
    peerDependencies:
      postcss: ^8.2.15

  postcss-normalize-repeat-style@5.1.1:
    resolution: {integrity: sha512-mFpLspGWkQtBcWIRFLmewo8aC3ImN2i/J3v8YCFUwDnPu3Xz4rLohDO26lGjwNsQxB3YF0KKRwspGzE2JEuS0g==}
    engines: {node: ^10 || ^12 || >=14.0}
    peerDependencies:
      postcss: ^8.2.15

  postcss-normalize-string@5.1.0:
    resolution: {integrity: sha512-oYiIJOf4T9T1N4i+abeIc7Vgm/xPCGih4bZz5Nm0/ARVJ7K6xrDlLwvwqOydvyL3RHNf8qZk6vo3aatiw/go3w==}
    engines: {node: ^10 || ^12 || >=14.0}
    peerDependencies:
      postcss: ^8.2.15

  postcss-normalize-timing-functions@5.1.0:
    resolution: {integrity: sha512-DOEkzJ4SAXv5xkHl0Wa9cZLF3WCBhF3o1SKVxKQAa+0pYKlueTpCgvkFAHfk+Y64ezX9+nITGrDZeVGgITJXjg==}
    engines: {node: ^10 || ^12 || >=14.0}
    peerDependencies:
      postcss: ^8.2.15

  postcss-normalize-unicode@5.1.1:
    resolution: {integrity: sha512-qnCL5jzkNUmKVhZoENp1mJiGNPcsJCs1aaRmURmeJGES23Z/ajaln+EPTD+rBeNkSryI+2WTdW+lwcVdOikrpA==}
    engines: {node: ^10 || ^12 || >=14.0}
    peerDependencies:
      postcss: ^8.2.15

  postcss-normalize-url@5.1.0:
    resolution: {integrity: sha512-5upGeDO+PVthOxSmds43ZeMeZfKH+/DKgGRD7TElkkyS46JXAUhMzIKiCa7BabPeIy3AQcTkXwVVN7DbqsiCew==}
    engines: {node: ^10 || ^12 || >=14.0}
    peerDependencies:
      postcss: ^8.2.15

  postcss-normalize-whitespace@5.1.1:
    resolution: {integrity: sha512-83ZJ4t3NUDETIHTa3uEg6asWjSBYL5EdkVB0sDncx9ERzOKBVJIUeDO9RyA9Zwtig8El1d79HBp0JEi8wvGQnA==}
    engines: {node: ^10 || ^12 || >=14.0}
    peerDependencies:
      postcss: ^8.2.15

  postcss-ordered-values@5.1.3:
    resolution: {integrity: sha512-9UO79VUhPwEkzbb3RNpqqghc6lcYej1aveQteWY+4POIwlqkYE21HKWaLDF6lWNuqCobEAyTovVhtI32Rbv2RQ==}
    engines: {node: ^10 || ^12 || >=14.0}
    peerDependencies:
      postcss: ^8.2.15

  postcss-reduce-initial@5.1.2:
    resolution: {integrity: sha512-dE/y2XRaqAi6OvjzD22pjTUQ8eOfc6m/natGHgKFBK9DxFmIm69YmaRVQrGgFlEfc1HePIurY0TmDeROK05rIg==}
    engines: {node: ^10 || ^12 || >=14.0}
    peerDependencies:
      postcss: ^8.2.15

  postcss-reduce-transforms@5.1.0:
    resolution: {integrity: sha512-2fbdbmgir5AvpW9RLtdONx1QoYG2/EtqpNQbFASDlixBbAYuTcJ0dECwlqNqH7VbaUnEnh8SrxOe2sRIn24XyQ==}
    engines: {node: ^10 || ^12 || >=14.0}
    peerDependencies:
      postcss: ^8.2.15

  postcss-selector-parser@6.1.2:
    resolution: {integrity: sha512-Q8qQfPiZ+THO/3ZrOrO0cJJKfpYCagtMUkXbnEfmgUjwXg6z/WBeOyS9APBBPCTSiDV+s4SwQGu8yFsiMRIudg==}
    engines: {node: '>=4'}

  postcss-selector-parser@7.1.1:
    resolution: {integrity: sha512-orRsuYpJVw8LdAwqqLykBj9ecS5/cRHlI5+nvTo8LcCKmzDmqVORXtOIYEEQuL9D4BxtA1lm5isAqzQZCoQ6Eg==}
    engines: {node: '>=4'}

  postcss-svgo@5.1.0:
    resolution: {integrity: sha512-D75KsH1zm5ZrHyxPakAxJWtkyXew5qwS70v56exwvw542d9CRtTo78K0WeFxZB4G7JXKKMbEZtZayTGdIky/eA==}
    engines: {node: ^10 || ^12 || >=14.0}
    peerDependencies:
      postcss: ^8.2.15

  postcss-unique-selectors@5.1.1:
    resolution: {integrity: sha512-5JiODlELrz8L2HwxfPnhOWZYWDxVHWL83ufOv84NrcgipI7TaeRsatAhK4Tr2/ZiYldpK/wBvw5BD3qfaK96GA==}
    engines: {node: ^10 || ^12 || >=14.0}
    peerDependencies:
      postcss: ^8.2.15

  postcss-value-parser@4.2.0:
    resolution: {integrity: sha512-1NNCs6uurfkVbeXG4S8JFT9t19m45ICnif8zWLd5oPSZ50QnwMfK+H3jv408d4jw/7Bttv5axS5IiHoLaVNHeQ==}

  postcss@8.5.6:
    resolution: {integrity: sha512-3Ybi1tAuwAP9s0r1UQ2J4n5Y0G05bJkpUIO0/bI9MhwmD70S5aTWbXGBwxHrelT+XM1k6dM0pk+SwNkpTRN7Pg==}
    engines: {node: ^10 || ^12 || >=14}

  promise.series@0.2.0:
    resolution: {integrity: sha1-LMfr6Vn8OmYZwEq029yeRS2GS70=}
    engines: {node: '>=0.12'}

  resolve-from@5.0.0:
    resolution: {integrity: sha1-w1IlhD3493bfIcV1V7wIfp39/Gk=}
    engines: {node: '>=8'}

  resolve@1.22.11:
    resolution: {integrity: sha512-RfqAvLnMl313r7c9oclB1HhUEAezcpLjz95wFH4LVuhk9JF/r22qmVP9AMmOU4vMX7Q8pN8jwNg/CSpdFnMjTQ==}
    engines: {node: '>= 0.4'}
    hasBin: true

  rollup-plugin-commonjs@10.1.0:
    resolution: {integrity: sha1-QXrztUUDh44ITRJ6300cr4vrhvs=}
    peerDependencies:
      rollup: '>=1.12.0'

  rollup-plugin-node-resolve@5.2.0:
    resolution: {integrity: sha1-cw+T0Q7SAkc7H7VKWZen24xthSM=}
    peerDependencies:
      rollup: '>=1.11.0'

  rollup-plugin-postcss@4.0.2:
    resolution: {integrity: sha1-FelGLzlHUFmzaM4OScgA+ksfcFA=}
    engines: {node: '>=10'}
    peerDependencies:
      postcss: 8.x

  rollup-plugin-typescript2@0.36.0:
    resolution: {integrity: sha512-NB2CSQDxSe9+Oe2ahZbf+B4bh7pHwjV5L+RSYpCu7Q5ROuN94F9b6ioWwKfz3ueL3KTtmX4o2MUH2cgHDIEUsw==}
    peerDependencies:
      rollup: '>=1.26.3'
      typescript: '>=2.4.0'

  rollup-pluginutils@2.8.2:
    resolution: {integrity: sha512-EEp9NhnUkwY8aif6bxgovPHMoMoNr2FulJziTndpt5H9RdwC47GSGuII9XxpSdzVGM0GWrNPHV6ie1LTNJPaLQ==}

  rollup@4.53.3:
    resolution: {integrity: sha512-w8GmOxZfBmKknvdXU1sdM9NHcoQejwF/4mNgj2JuEEdRaHwwF12K7e9eXn1nLZ07ad+du76mkVsyeb2rKGllsA==}
    engines: {node: '>=18.0.0', npm: '>=8.0.0'}
    hasBin: true

  safe-identifier@0.4.2:
    resolution: {integrity: sha1-z2v8oxwol8WICS0XUNMO9QHVn8s=}

  semver@6.3.1:
    resolution: {integrity: sha512-BR7VvDCVHO+q2xBEWskxS6DJE1qRnb7DxzUrogb71CWoSficBxYsiAGd+Kl0mmq/MprG9yArRkyrQxTO6XjMzA==}
    hasBin: true

  semver@7.7.3:
    resolution: {integrity: sha512-SdsKMrI9TdgjdweUSR9MweHA4EJ8YxHn8DFaDisvhVlUOe4BF1tLD7GAj0lIqWVl+dPb/rExr0Btby5loQm20Q==}
    engines: {node: '>=10'}
    hasBin: true

  source-map-js@1.2.1:
    resolution: {integrity: sha512-UXWMKhLOwVKb728IUtQPXxfYU+usdybtUrK/8uGE8CQMvrhOpwvzDBwj0QhSL7MQc7vIsISBG8VQ8+IDQxpfQA==}
    engines: {node: '>=0.10.0'}

  source-map@0.6.1:
    resolution: {integrity: sha1-dHIq8y6WFOnCh6jQu95IteLxomM=}
    engines: {node: '>=0.10.0'}

  sourcemap-codec@1.4.8:
    resolution: {integrity: sha1-6oBL2UhXQC5pktBaOO8a41qatMQ=}

  stable@0.1.8:
    resolution: {integrity: sha1-g26zyDgv4pNv6vVEYxAXzn1Ho88=}

  string-hash@1.1.3:
    resolution: {integrity: sha1-6Kr8CsGFW0Zmkp7X3RJ1311sgRs=}

  style-inject@0.3.0:
    resolution: {integrity: sha512-IezA2qp+vcdlhJaVm5SOdPPTUu0FCEqfNSli2vRuSIBbu5Nq5UvygTk/VzeCqfLz2Atj3dVII5QBKGZRZ0edzw==}

  stylehacks@5.1.1:
    resolution: {integrity: sha512-sBpcd5Hx7G6seo7b1LkpttvTz7ikD0LlH5RmdcBNb6fFR0Fl7LQwHDFr300q4cwUqi+IYrFGmsIHieMBfnN/Bw==}
    engines: {node: ^10 || ^12 || >=14.0}
    peerDependencies:
      postcss: ^8.2.15

  supports-color@7.2.0:
    resolution: {integrity: sha512-qpCAvRl9stuOHveKsn7HncJRvv501qIacKzQlO/+Lwxc9+0q2wLyv4Dfvt80/DPn2pqOBsJdDiogXGR9+OvwRw==}
    engines: {node: '>=8'}

  supports-preserve-symlinks-flag@1.0.0:
    resolution: {integrity: sha512-ot0WnXS9fgdkgIcePe6RHNk1WA8+muPa6cSjeR3V8K27q9BB1rTE3R1p7Hv0z1ZyAc8s6Vvv8DIyWf681MAt0w==}
    engines: {node: '>= 0.4'}

  svgo@2.8.0:
    resolution: {integrity: sha512-+N/Q9kV1+F+UeWYoSiULYo4xYSDQlTgb+ayMobAXPwMnLvop7oxKMo9OzIrX5x3eS4L4f2UHhc9axXwY8DpChg==}
    engines: {node: '>=10.13.0'}
    hasBin: true

  tslib@2.8.1:
    resolution: {integrity: sha512-oJFu94HQb+KVduSUQL7wnpmqnfmLsOA/nAh6b6EH0wCEoK0/mPeXU6c3wKDV83MkOuHPRHtSXKKU99IBazS/2w==}

  typescript@5.9.3:
    resolution: {integrity: sha512-jl1vZzPDinLr9eUt3J/t7V6FgNEw9QjvBPdysz9KfQDD41fQrC2Y4vKQdiaUpFT4bXlb1RHhLpp8wtm6M5TgSw==}
    engines: {node: '>=14.17'}
    hasBin: true

  undici-types@7.16.0:
    resolution: {integrity: sha512-Zz+aZWSj8LE6zoxD+xrjh4VfkIG8Ya6LvYkZqtUQGJPZjYl53ypCaUwWqo7eI0x66KBGeRo+mlBEkMSeSZ38Nw==}

  universalify@2.0.1:
    resolution: {integrity: sha512-gptHNQghINnc/vTGIk0SOFGFNXw7JVrlRUtConJRlvaw6DuX0wO5Jeko9sWrMBhh+PsYAZ7oXAiOnf/UKogyiw==}
    engines: {node: '>= 10.0.0'}

  update-browserslist-db@1.2.2:
    resolution: {integrity: sha512-E85pfNzMQ9jpKkA7+TJAi4TJN+tBCuWh5rUcS/sv6cFi+1q9LYDwDI5dpUL0u/73EElyQ8d3TEaeW4sPedBqYA==}
    hasBin: true
    peerDependencies:
      browserslist: '>= 4.21.0'

  util-deprecate@1.0.2:
    resolution: {integrity: sha1-RQ1Nyfpw3nMnYvvS1KKJgUGaDM8=}

  yaml@1.10.2:
    resolution: {integrity: sha512-r3vXyErRCYJ7wg28yvBY5VSoAF8ZvlcW9/BwUzEtUsjvX/DKs24dIkuwjtuprwJJHsbyUbLApepYTR1BN4uHrg==}
    engines: {node: '>= 6'}

snapshots:

  '@rollup/pluginutils@4.2.1':
    dependencies:
      estree-walker: 2.0.2
      picomatch: 2.3.1

  '@rollup/rollup-android-arm-eabi@4.53.3':
    optional: true

  '@rollup/rollup-android-arm64@4.53.3':
    optional: true

  '@rollup/rollup-darwin-arm64@4.53.3':
    optional: true

  '@rollup/rollup-darwin-x64@4.53.3':
    optional: true

  '@rollup/rollup-freebsd-arm64@4.53.3':
    optional: true

  '@rollup/rollup-freebsd-x64@4.53.3':
    optional: true

  '@rollup/rollup-linux-arm-gnueabihf@4.53.3':
    optional: true

  '@rollup/rollup-linux-arm-musleabihf@4.53.3':
    optional: true

  '@rollup/rollup-linux-arm64-gnu@4.53.3':
    optional: true

  '@rollup/rollup-linux-arm64-musl@4.53.3':
    optional: true

  '@rollup/rollup-linux-loong64-gnu@4.53.3':
    optional: true

  '@rollup/rollup-linux-ppc64-gnu@4.53.3':
    optional: true

  '@rollup/rollup-linux-riscv64-gnu@4.53.3':
    optional: true

  '@rollup/rollup-linux-riscv64-musl@4.53.3':
    optional: true

  '@rollup/rollup-linux-s390x-gnu@4.53.3':
    optional: true

  '@rollup/rollup-linux-x64-gnu@4.53.3':
    optional: true

  '@rollup/rollup-linux-x64-musl@4.53.3':
    optional: true

  '@rollup/rollup-openharmony-arm64@4.53.3':
    optional: true

  '@rollup/rollup-win32-arm64-msvc@4.53.3':
    optional: true

  '@rollup/rollup-win32-ia32-msvc@4.53.3':
    optional: true

  '@rollup/rollup-win32-x64-gnu@4.53.3':
    optional: true

  '@rollup/rollup-win32-x64-msvc@4.53.3':
    optional: true

  '@trysound/sax@0.2.0': {}

  '@types/estree@1.0.8': {}

  '@types/node@24.10.1':
    dependencies:
      undici-types: 7.16.0

  '@types/resolve@0.0.8':
    dependencies:
      '@types/node': 24.10.1

  ansi-styles@4.3.0:
    dependencies:
      color-convert: 2.0.1

  autoprefixer@10.4.22(postcss@8.5.6):
    dependencies:
      browserslist: 4.28.1
      caniuse-lite: 1.0.30001759
      fraction.js: 5.3.4
      normalize-range: 0.1.2
      picocolors: 1.1.1
      postcss: 8.5.6
      postcss-value-parser: 4.2.0

  baseline-browser-mapping@2.9.2: {}

  boolbase@1.0.0: {}

  browserslist@4.28.1:
    dependencies:
      baseline-browser-mapping: 2.9.2
      caniuse-lite: 1.0.30001759
      electron-to-chromium: 1.5.265
      node-releases: 2.0.27
      update-browserslist-db: 1.2.2(browserslist@4.28.1)

  builtin-modules@3.3.0: {}

  caniuse-api@3.0.0:
    dependencies:
      browserslist: 4.28.1
      caniuse-lite: 1.0.30001759
      lodash.memoize: 4.1.2
      lodash.uniq: 4.5.0

  caniuse-lite@1.0.30001759: {}

  chalk@4.1.2:
    dependencies:
      ansi-styles: 4.3.0
      supports-color: 7.2.0

  color-convert@2.0.1:
    dependencies:
      color-name: 1.1.4

  color-name@1.1.4: {}

  colord@2.9.3: {}

  commander@7.2.0: {}

  commondir@1.0.1: {}

  concat-with-sourcemaps@1.1.0:
    dependencies:
      source-map: 0.6.1

  css-declaration-sorter@6.4.1(postcss@8.5.6):
    dependencies:
      postcss: 8.5.6

  css-select@4.3.0:
    dependencies:
      boolbase: 1.0.0
      css-what: 6.2.2
      domhandler: 4.3.1
      domutils: 2.8.0
      nth-check: 2.1.1

  css-tree@1.1.3:
    dependencies:
      mdn-data: 2.0.14
      source-map: 0.6.1

  css-what@6.2.2: {}

  cssesc@3.0.0: {}

  cssnano-preset-default@5.2.14(postcss@8.5.6):
    dependencies:
      css-declaration-sorter: 6.4.1(postcss@8.5.6)
      cssnano-utils: 3.1.0(postcss@8.5.6)
      postcss: 8.5.6
      postcss-calc: 8.2.4(postcss@8.5.6)
      postcss-colormin: 5.3.1(postcss@8.5.6)
      postcss-convert-values: 5.1.3(postcss@8.5.6)
      postcss-discard-comments: 5.1.2(postcss@8.5.6)
      postcss-discard-duplicates: 5.1.0(postcss@8.5.6)
      postcss-discard-empty: 5.1.1(postcss@8.5.6)
      postcss-discard-overridden: 5.1.0(postcss@8.5.6)
      postcss-merge-longhand: 5.1.7(postcss@8.5.6)
      postcss-merge-rules: 5.1.4(postcss@8.5.6)
      postcss-minify-font-values: 5.1.0(postcss@8.5.6)
      postcss-minify-gradients: 5.1.1(postcss@8.5.6)
      postcss-minify-params: 5.1.4(postcss@8.5.6)
      postcss-minify-selectors: 5.2.1(postcss@8.5.6)
      postcss-normalize-charset: 5.1.0(postcss@8.5.6)
      postcss-normalize-display-values: 5.1.0(postcss@8.5.6)
      postcss-normalize-positions: 5.1.1(postcss@8.5.6)
      postcss-normalize-repeat-style: 5.1.1(postcss@8.5.6)
      postcss-normalize-string: 5.1.0(postcss@8.5.6)
      postcss-normalize-timing-functions: 5.1.0(postcss@8.5.6)
      postcss-normalize-unicode: 5.1.1(postcss@8.5.6)
      postcss-normalize-url: 5.1.0(postcss@8.5.6)
      postcss-normalize-whitespace: 5.1.1(postcss@8.5.6)
      postcss-ordered-values: 5.1.3(postcss@8.5.6)
      postcss-reduce-initial: 5.1.2(postcss@8.5.6)
      postcss-reduce-transforms: 5.1.0(postcss@8.5.6)
      postcss-svgo: 5.1.0(postcss@8.5.6)
      postcss-unique-selectors: 5.1.1(postcss@8.5.6)

  cssnano-utils@3.1.0(postcss@8.5.6):
    dependencies:
      postcss: 8.5.6

  cssnano@5.1.15(postcss@8.5.6):
    dependencies:
      cssnano-preset-default: 5.2.14(postcss@8.5.6)
      lilconfig: 2.1.0
      postcss: 8.5.6
      yaml: 1.10.2

  csso@4.2.0:
    dependencies:
      css-tree: 1.1.3

  dom-serializer@1.4.1:
    dependencies:
      domelementtype: 2.3.0
      domhandler: 4.3.1
      entities: 2.2.0

  domelementtype@2.3.0: {}

  domhandler@4.3.1:
    dependencies:
      domelementtype: 2.3.0

  domutils@2.8.0:
    dependencies:
      dom-serializer: 1.4.1
      domelementtype: 2.3.0
      domhandler: 4.3.1

  electron-to-chromium@1.5.265: {}

  entities@2.2.0: {}

  escalade@3.2.0: {}

  estree-walker@0.6.1: {}

  estree-walker@2.0.2: {}

  eventemitter3@4.0.7: {}

  find-cache-dir@3.3.2:
    dependencies:
      commondir: 1.0.1
      make-dir: 3.1.0
      pkg-dir: 4.2.0

  find-up@4.1.0:
    dependencies:
      locate-path: 5.0.0
      path-exists: 4.0.0

  fraction.js@5.3.4: {}

  fs-extra@10.1.0:
    dependencies:
      graceful-fs: 4.2.11
      jsonfile: 6.2.0
      universalify: 2.0.1

  fsevents@2.3.3:
    optional: true

  function-bind@1.1.2: {}

  generic-names@4.0.0:
    dependencies:
      loader-utils: 3.3.1

  graceful-fs@4.2.11: {}

  has-flag@4.0.0: {}

  hasown@2.0.2:
    dependencies:
      function-bind: 1.1.2

  icss-replace-symbols@1.1.0: {}

  icss-utils@5.1.0(postcss@8.5.6):
    dependencies:
      postcss: 8.5.6

  import-cwd@3.0.0:
    dependencies:
      import-from: 3.0.0

  import-from@3.0.0:
    dependencies:
      resolve-from: 5.0.0

  is-core-module@2.16.1:
    dependencies:
      hasown: 2.0.2

  is-module@1.0.0: {}

  is-reference@1.2.1:
    dependencies:
      '@types/estree': 1.0.8

  jsonfile@6.2.0:
    dependencies:
      universalify: 2.0.1
    optionalDependencies:
      graceful-fs: 4.2.11

  lilconfig@2.1.0: {}

  loader-utils@3.3.1: {}

  locate-path@5.0.0:
    dependencies:
      p-locate: 4.1.0

  lodash.camelcase@4.3.0: {}

  lodash.memoize@4.1.2: {}

  lodash.uniq@4.5.0: {}

  magic-string@0.25.9:
    dependencies:
      sourcemap-codec: 1.4.8

  make-dir@3.1.0:
    dependencies:
      semver: 6.3.1

  mdn-data@2.0.14: {}

  nanoid@3.3.11: {}

  node-releases@2.0.27: {}

  normalize-range@0.1.2: {}

  normalize-url@6.1.0: {}

  nth-check@2.1.1:
    dependencies:
      boolbase: 1.0.0

  p-finally@1.0.0: {}

  p-limit@2.3.0:
    dependencies:
      p-try: 2.2.0

  p-locate@4.1.0:
    dependencies:
      p-limit: 2.3.0

  p-queue@6.6.2:
    dependencies:
      eventemitter3: 4.0.7
      p-timeout: 3.2.0

  p-timeout@3.2.0:
    dependencies:
      p-finally: 1.0.0

  p-try@2.2.0: {}

  path-exists@4.0.0: {}

  path-parse@1.0.7: {}

  picocolors@1.1.1: {}

  picomatch@2.3.1: {}

  pify@5.0.0: {}

  pkg-dir@4.2.0:
    dependencies:
      find-up: 4.1.0

  postcss-calc@8.2.4(postcss@8.5.6):
    dependencies:
      postcss: 8.5.6
      postcss-selector-parser: 6.1.2
      postcss-value-parser: 4.2.0

  postcss-colormin@5.3.1(postcss@8.5.6):
    dependencies:
      browserslist: 4.28.1
      caniuse-api: 3.0.0
      colord: 2.9.3
      postcss: 8.5.6
      postcss-value-parser: 4.2.0

  postcss-convert-values@5.1.3(postcss@8.5.6):
    dependencies:
      browserslist: 4.28.1
      postcss: 8.5.6
      postcss-value-parser: 4.2.0

  postcss-discard-comments@5.1.2(postcss@8.5.6):
    dependencies:
      postcss: 8.5.6

  postcss-discard-duplicates@5.1.0(postcss@8.5.6):
    dependencies:
      postcss: 8.5.6

  postcss-discard-empty@5.1.1(postcss@8.5.6):
    dependencies:
      postcss: 8.5.6

  postcss-discard-overridden@5.1.0(postcss@8.5.6):
    dependencies:
      postcss: 8.5.6

  postcss-load-config@3.1.4(postcss@8.5.6):
    dependencies:
      lilconfig: 2.1.0
      yaml: 1.10.2
    optionalDependencies:
      postcss: 8.5.6

  postcss-merge-longhand@5.1.7(postcss@8.5.6):
    dependencies:
      postcss: 8.5.6
      postcss-value-parser: 4.2.0
      stylehacks: 5.1.1(postcss@8.5.6)

  postcss-merge-rules@5.1.4(postcss@8.5.6):
    dependencies:
      browserslist: 4.28.1
      caniuse-api: 3.0.0
      cssnano-utils: 3.1.0(postcss@8.5.6)
      postcss: 8.5.6
      postcss-selector-parser: 6.1.2

  postcss-minify-font-values@5.1.0(postcss@8.5.6):
    dependencies:
      postcss: 8.5.6
      postcss-value-parser: 4.2.0

  postcss-minify-gradients@5.1.1(postcss@8.5.6):
    dependencies:
      colord: 2.9.3
      cssnano-utils: 3.1.0(postcss@8.5.6)
      postcss: 8.5.6
      postcss-value-parser: 4.2.0

  postcss-minify-params@5.1.4(postcss@8.5.6):
    dependencies:
      browserslist: 4.28.1
      cssnano-utils: 3.1.0(postcss@8.5.6)
      postcss: 8.5.6
      postcss-value-parser: 4.2.0

  postcss-minify-selectors@5.2.1(postcss@8.5.6):
    dependencies:
      postcss: 8.5.6
      postcss-selector-parser: 6.1.2

  postcss-modules-extract-imports@3.1.0(postcss@8.5.6):
    dependencies:
      postcss: 8.5.6

  postcss-modules-local-by-default@4.2.0(postcss@8.5.6):
    dependencies:
      icss-utils: 5.1.0(postcss@8.5.6)
      postcss: 8.5.6
      postcss-selector-parser: 7.1.1
      postcss-value-parser: 4.2.0

  postcss-modules-scope@3.2.1(postcss@8.5.6):
    dependencies:
      postcss: 8.5.6
      postcss-selector-parser: 7.1.1

  postcss-modules-values@4.0.0(postcss@8.5.6):
    dependencies:
      icss-utils: 5.1.0(postcss@8.5.6)
      postcss: 8.5.6

  postcss-modules@4.3.1(postcss@8.5.6):
    dependencies:
      generic-names: 4.0.0
      icss-replace-symbols: 1.1.0
      lodash.camelcase: 4.3.0
      postcss: 8.5.6
      postcss-modules-extract-imports: 3.1.0(postcss@8.5.6)
      postcss-modules-local-by-default: 4.2.0(postcss@8.5.6)
      postcss-modules-scope: 3.2.1(postcss@8.5.6)
      postcss-modules-values: 4.0.0(postcss@8.5.6)
      string-hash: 1.1.3

  postcss-nested@7.0.2(postcss@8.5.6):
    dependencies:
      postcss: 8.5.6
      postcss-selector-parser: 7.1.1

  postcss-normalize-charset@5.1.0(postcss@8.5.6):
    dependencies:
      postcss: 8.5.6

  postcss-normalize-display-values@5.1.0(postcss@8.5.6):
    dependencies:
      postcss: 8.5.6
      postcss-value-parser: 4.2.0

  postcss-normalize-positions@5.1.1(postcss@8.5.6):
    dependencies:
      postcss: 8.5.6
      postcss-value-parser: 4.2.0

  postcss-normalize-repeat-style@5.1.1(postcss@8.5.6):
    dependencies:
      postcss: 8.5.6
      postcss-value-parser: 4.2.0

  postcss-normalize-string@5.1.0(postcss@8.5.6):
    dependencies:
      postcss: 8.5.6
      postcss-value-parser: 4.2.0

  postcss-normalize-timing-functions@5.1.0(postcss@8.5.6):
    dependencies:
      postcss: 8.5.6
      postcss-value-parser: 4.2.0

  postcss-normalize-unicode@5.1.1(postcss@8.5.6):
    dependencies:
      browserslist: 4.28.1
      postcss: 8.5.6
      postcss-value-parser: 4.2.0

  postcss-normalize-url@5.1.0(postcss@8.5.6):
    dependencies:
      normalize-url: 6.1.0
      postcss: 8.5.6
      postcss-value-parser: 4.2.0

  postcss-normalize-whitespace@5.1.1(postcss@8.5.6):
    dependencies:
      postcss: 8.5.6
      postcss-value-parser: 4.2.0

  postcss-ordered-values@5.1.3(postcss@8.5.6):
    dependencies:
      cssnano-utils: 3.1.0(postcss@8.5.6)
      postcss: 8.5.6
      postcss-value-parser: 4.2.0

  postcss-reduce-initial@5.1.2(postcss@8.5.6):
    dependencies:
      browserslist: 4.28.1
      caniuse-api: 3.0.0
      postcss: 8.5.6

  postcss-reduce-transforms@5.1.0(postcss@8.5.6):
    dependencies:
      postcss: 8.5.6
      postcss-value-parser: 4.2.0

  postcss-selector-parser@6.1.2:
    dependencies:
      cssesc: 3.0.0
      util-deprecate: 1.0.2

  postcss-selector-parser@7.1.1:
    dependencies:
      cssesc: 3.0.0
      util-deprecate: 1.0.2

  postcss-svgo@5.1.0(postcss@8.5.6):
    dependencies:
      postcss: 8.5.6
      postcss-value-parser: 4.2.0
      svgo: 2.8.0

  postcss-unique-selectors@5.1.1(postcss@8.5.6):
    dependencies:
      postcss: 8.5.6
      postcss-selector-parser: 6.1.2

  postcss-value-parser@4.2.0: {}

  postcss@8.5.6:
    dependencies:
      nanoid: 3.3.11
      picocolors: 1.1.1
      source-map-js: 1.2.1

  promise.series@0.2.0: {}

  resolve-from@5.0.0: {}

  resolve@1.22.11:
    dependencies:
      is-core-module: 2.16.1
      path-parse: 1.0.7
      supports-preserve-symlinks-flag: 1.0.0

  rollup-plugin-commonjs@10.1.0(rollup@4.53.3):
    dependencies:
      estree-walker: 0.6.1
      is-reference: 1.2.1
      magic-string: 0.25.9
      resolve: 1.22.11
      rollup: 4.53.3
      rollup-pluginutils: 2.8.2

  rollup-plugin-node-resolve@5.2.0(rollup@4.53.3):
    dependencies:
      '@types/resolve': 0.0.8
      builtin-modules: 3.3.0
      is-module: 1.0.0
      resolve: 1.22.11
      rollup: 4.53.3
      rollup-pluginutils: 2.8.2

  rollup-plugin-postcss@4.0.2(postcss@8.5.6):
    dependencies:
      chalk: 4.1.2
      concat-with-sourcemaps: 1.1.0
      cssnano: 5.1.15(postcss@8.5.6)
      import-cwd: 3.0.0
      p-queue: 6.6.2
      pify: 5.0.0
      postcss: 8.5.6
      postcss-load-config: 3.1.4(postcss@8.5.6)
      postcss-modules: 4.3.1(postcss@8.5.6)
      promise.series: 0.2.0
      resolve: 1.22.11
      rollup-pluginutils: 2.8.2
      safe-identifier: 0.4.2
      style-inject: 0.3.0
    transitivePeerDependencies:
      - ts-node

  rollup-plugin-typescript2@0.36.0(rollup@4.53.3)(typescript@5.9.3):
    dependencies:
      '@rollup/pluginutils': 4.2.1
      find-cache-dir: 3.3.2
      fs-extra: 10.1.0
      rollup: 4.53.3
      semver: 7.7.3
      tslib: 2.8.1
      typescript: 5.9.3

  rollup-pluginutils@2.8.2:
    dependencies:
      estree-walker: 0.6.1

  rollup@4.53.3:
    dependencies:
      '@types/estree': 1.0.8
    optionalDependencies:
      '@rollup/rollup-android-arm-eabi': 4.53.3
      '@rollup/rollup-android-arm64': 4.53.3
      '@rollup/rollup-darwin-arm64': 4.53.3
      '@rollup/rollup-darwin-x64': 4.53.3
      '@rollup/rollup-freebsd-arm64': 4.53.3
      '@rollup/rollup-freebsd-x64': 4.53.3
      '@rollup/rollup-linux-arm-gnueabihf': 4.53.3
      '@rollup/rollup-linux-arm-musleabihf': 4.53.3
      '@rollup/rollup-linux-arm64-gnu': 4.53.3
      '@rollup/rollup-linux-arm64-musl': 4.53.3
      '@rollup/rollup-linux-loong64-gnu': 4.53.3
      '@rollup/rollup-linux-ppc64-gnu': 4.53.3
      '@rollup/rollup-linux-riscv64-gnu': 4.53.3
      '@rollup/rollup-linux-riscv64-musl': 4.53.3
      '@rollup/rollup-linux-s390x-gnu': 4.53.3
      '@rollup/rollup-linux-x64-gnu': 4.53.3
      '@rollup/rollup-linux-x64-musl': 4.53.3
      '@rollup/rollup-openharmony-arm64': 4.53.3
      '@rollup/rollup-win32-arm64-msvc': 4.53.3
      '@rollup/rollup-win32-ia32-msvc': 4.53.3
      '@rollup/rollup-win32-x64-gnu': 4.53.3
      '@rollup/rollup-win32-x64-msvc': 4.53.3
      fsevents: 2.3.3

  safe-identifier@0.4.2: {}

  semver@6.3.1: {}

  semver@7.7.3: {}

  source-map-js@1.2.1: {}

  source-map@0.6.1: {}

  sourcemap-codec@1.4.8: {}

  stable@0.1.8: {}

  string-hash@1.1.3: {}

  style-inject@0.3.0: {}

  stylehacks@5.1.1(postcss@8.5.6):
    dependencies:
      browserslist: 4.28.1
      postcss: 8.5.6
      postcss-selector-parser: 6.1.2

  supports-color@7.2.0:
    dependencies:
      has-flag: 4.0.0

  supports-preserve-symlinks-flag@1.0.0: {}

  svgo@2.8.0:
    dependencies:
      '@trysound/sax': 0.2.0
      commander: 7.2.0
      css-select: 4.3.0
      css-tree: 1.1.3
      csso: 4.2.0
      picocolors: 1.1.1
      stable: 0.1.8

  tslib@2.8.1: {}

  typescript@5.9.3: {}

  undici-types@7.16.0: {}

  universalify@2.0.1: {}

  update-browserslist-db@1.2.2(browserslist@4.28.1):
    dependencies:
      browserslist: 4.28.1
      escalade: 3.2.0
      picocolors: 1.1.1

  util-deprecate@1.0.2: {}

  yaml@1.10.2: {}
